Microsoft Visual Studio Solution File, Format Version 12.00
# Visual Studio Version 17
VisualStudioVersion = 17.5.2.0
MinimumVisualStudioVersion = 10.0.40219.1
Project("{FAE04EC0-301F-11D3-BF4B-00C04F79EFBC}") = "War", "War.csproj", "{ADD5B912-430B-A487-17CA-CA2B49ABD4B9}"
EndProject
Global
	GlobalSection(SolutionConfigurationPlatforms) = preSolution
		Debug|Any CPU = Debug|Any CPU
		Release|Any CPU = Release|Any CPU
	EndGlobalSection
	GlobalSection(ProjectConfigurationPlatforms) = postSolution
		{ADD5B912-430B-A487-17CA-CA2B49ABD4B9}.Debug|Any CPU.ActiveCfg = Debug|Any CPU
		{ADD5B912-430B-A487-17CA-CA2B49ABD4B9}.Debug|Any CPU.Build.0 = Debug|Any CPU
		{ADD5B912-430B-A487-17CA-CA2B49ABD4B9}.Release|Any CPU.ActiveCfg = Release|Any CPU
		{ADD5B912-430B-A487-17CA-CA2B49ABD4B9}.Release|Any CPU.Build.0 = Release|Any CPU
	EndGlobalSection
	GlobalSection(SolutionProperties) = preSolution
		HideSolutionNode = FALSE
	EndGlobalSection
	GlobalSection(ExtensibilityGlobals) = postSolution
		SolutionGuid = {FBD1449B-62F4-41BA-8759-3B844C728E4C}
	EndGlobalSection
EndGlobal
