Microsoft Visual Studio Solution File, Format Version 12.00
# Visual Studio Version 17
VisualStudioVersion = 17.5.2.0
MinimumVisualStudioVersion = 10.0.40219.1
Project("{FAE04EC0-301F-11D3-BF4B-00C04F79EFBC}") = "A3", "A3.csproj", "{F3C7D36C-A85F-4835-144E-E19FF6B9FEFB}"
EndProject
Global
	GlobalSection(SolutionConfigurationPlatforms) = preSolution
		Debug|Any CPU = Debug|Any CPU
		Release|Any CPU = Release|Any CPU
	EndGlobalSection
	GlobalSection(ProjectConfigurationPlatforms) = postSolution
		{F3C7D36C-A85F-4835-144E-E19FF6B9FEFB}.Debug|Any CPU.ActiveCfg = Debug|Any CPU
		{F3C7D36C-A85F-4835-144E-E19FF6B9FEFB}.Debug|Any CPU.Build.0 = Debug|Any CPU
		{F3C7D36C-A85F-4835-144E-E19FF6B9FEFB}.Release|Any CPU.ActiveCfg = Release|Any CPU
		{F3C7D36C-A85F-4835-144E-E19FF6B9FEFB}.Release|Any CPU.Build.0 = Release|Any CPU
	EndGlobalSection
	GlobalSection(SolutionProperties) = preSolution
		HideSolutionNode = FALSE
	EndGlobalSection
	GlobalSection(ExtensibilityGlobals) = postSolution
		SolutionGuid = {129BD93C-CCA1-4D0B-87C9-53F54CDA8C34}
	EndGlobalSection
EndGlobal
